Microsoft Visual Studio Solution File, Format Version 10.00
# Visual Studio 2008
Project("{FAE04EC0-301F-11D3-BF4B-00C04F79EFBC}") = "MvcGridView", "MvcGridView\MvcGridView.csproj", "{EE73F9E5-4C21-4499-BB49-1A5A42BF78FF}"
EndProject
Global
	GlobalSection(SolutionConfigurationPlatforms) = preSolution
		Debug|Any CPU = Debug|Any CPU
		Release|Any CPU = Release|Any CPU
	EndGlobalSection
	GlobalSection(ProjectConfigurationPlatforms) = postSolution
		{EE73F9E5-4C21-4499-BB49-1A5A42BF78FF}.Debug|Any CPU.ActiveCfg = Debug|Any CPU
		{EE73F9E5-4C21-4499-BB49-1A5A42BF78FF}.Debug|Any CPU.Build.0 = Debug|Any CPU
		{EE73F9E5-4C21-4499-BB49-1A5A42BF78FF}.Release|Any CPU.ActiveCfg = Release|Any CPU
		{EE73F9E5-4C21-4499-BB49-1A5A42BF78FF}.Release|Any CPU.Build.0 = Release|Any CPU
	EndGlobalSection
	GlobalSection(SolutionProperties) = preSolution
		HideSolutionNode = FALSE
	EndGlobalSection
EndGlobal
